// !$*UTF8*$!
{
	archiveVersion = 1;
	classes = {
	};
	objectVersion = 56;
	objects = {

/* Begin PBXBuildFile section */
		290426942AAF3422002042E7 /* AppDelegate.swift in Sources */ = {isa = PBXBuildFile; fileRef = 290426932AAF3422002042E7 /* AppDelegate.swift */; };
		290426962AAF3422002042E7 /* SceneDelegate.swift in Sources */ = {isa = PBXBuildFile; fileRef = 290426952AAF3422002042E7 /* SceneDelegate.swift */; };
		2904269B2AAF3422002042E7 /* Main.storyboard in Resources */ = {isa = PBXBuildFile; fileRef = 290426992AAF3422002042E7 /* Main.storyboard */; };
		2904269D2AAF3423002042E7 /* Assets.xcassets in Resources */ = {isa = PBXBuildFile; fileRef = 2904269C2AAF3423002042E7 /* Assets.xcassets */; };
		290426A02AAF3423002042E7 /* LaunchScreen.storyboard in Resources */ = {isa = PBXBuildFile; fileRef = 2904269E2AAF3423002042E7 /* LaunchScreen.storyboard */; };
		290426A92AAF3A63002042E7 /* LoginCoordinator.swift in Sources */ = {isa = PBXBuildFile; fileRef = 290426A82AAF3A63002042E7 /* LoginCoordinator.swift */; };
		290426AD2AAF3A8F002042E7 /* LoginViewController.swift in Sources */ = {isa = PBXBuildFile; fileRef = 290426AC2AAF3A8F002042E7 /* LoginViewController.swift */; };
		290426B32AAF5D58002042E7 /* Storyboard+App.swift in Sources */ = {isa = PBXBuildFile; fileRef = 290426B22AAF5D58002042E7 /* Storyboard+App.swift */; };
		290426B52AAF607E002042E7 /* AppCoordinator.swift in Sources */ = {isa = PBXBuildFile; fileRef = 290426B42AAF607E002042E7 /* AppCoordinator.swift */; };
		293F1FBD2AB3363000736DB8 /* PostListViewModel.swift in Sources */ = {isa = PBXBuildFile; fileRef = 293F1FBC2AB3363000736DB8 /* PostListViewModel.swift */; };
		293F1FBF2AB337F500736DB8 /* CoreDataStore.swift in Sources */ = {isa = PBXBuildFile; fileRef = 293F1FBE2AB337F500736DB8 /* CoreDataStore.swift */; };
		293F1FC12AB3382F00736DB8 /* CoreDataHelpers.swift in Sources */ = {isa = PBXBuildFile; fileRef = 293F1FC02AB3382F00736DB8 /* CoreDataHelpers.swift */; };
		293F1FC32AB3396B00736DB8 /* URLSessionHTTPClientAdapter.swift in Sources */ = {isa = PBXBuildFile; fileRef = 293F1FC22AB3396B00736DB8 /* URLSessionHTTPClientAdapter.swift */; };
		293F1FCD2AB351EE00736DB8 /* UserPostsStore.xcdatamodeld in Sources */ = {isa = PBXBuildFile; fileRef = 293F1FCB2AB351EE00736DB8 /* UserPostsStore.xcdatamodeld */; };
		293F1FCF2AB3523300736DB8 /* CoreDataStoreAdapter.swift in Sources */ = {isa = PBXBuildFile; fileRef = 293F1FCE2AB3523300736DB8 /* CoreDataStoreAdapter.swift */; };
		293F1FD12AB357C600736DB8 /* FavouritePostsViewModel.swift in Sources */ = {isa = PBXBuildFile; fileRef = 293F1FD02AB357C600736DB8 /* FavouritePostsViewModel.swift */; };
		29947AF82AB09CF300D70800 /* PostsListViewController.swift in Sources */ = {isa = PBXBuildFile; fileRef = 29947AF72AB09CF300D70800 /* PostsListViewController.swift */; };
		29947AFA2AB09D1700D70800 /* PostCell.swift in Sources */ = {isa = PBXBuildFile; fileRef = 29947AF92AB09D1700D70800 /* PostCell.swift */; };
		29947AFE2AB09D5200D70800 /* FavouritePostsViewController.swift in Sources */ = {isa = PBXBuildFile; fileRef = 29947AFD2AB09D5200D70800 /* FavouritePostsViewController.swift */; };
		29947B002AB09D6900D70800 /* PostsCoordinator.swift in Sources */ = {isa = PBXBuildFile; fileRef = 29947AFF2AB09D6900D70800 /* PostsCoordinator.swift */; };
		29947B022AB09DFC00D70800 /* Posts.storyboard in Resources */ = {isa = PBXBuildFile; fileRef = 29947B012AB09DFC00D70800 /* Posts.storyboard */; };
		29947B042AB0AFD700D70800 /* UITableViewCell+App.swift in Sources */ = {isa = PBXBuildFile; fileRef = 29947B032AB0AFD700D70800 /* UITableViewCell+App.swift */; };
		29CC7E452AB1E249006E2E90 /* PostCell.xib in Resources */ = {isa = PBXBuildFile; fileRef = 29CC7E442AB1E249006E2E90 /* PostCell.xib */; };
		29FAABB82AB1E96E006C6498 /* URLSessionHTTPClient.swift in Sources */ = {isa = PBXBuildFile; fileRef = 29FAABB72AB1E96E006C6498 /* URLSessionHTTPClient.swift */; };
		29FAABBB2AB1E988006C6498 /* UserPosts.framework in Frameworks */ = {isa = PBXBuildFile; fileRef = 29FAABBA2AB1E988006C6498 /* UserPosts.framework */; };
		29FAABBC2AB1E988006C6498 /* UserPosts.framework in Embed Frameworks */ = {isa = PBXBuildFile; fileRef = 29FAABBA2AB1E988006C6498 /* UserPosts.framework */; settings = {ATTRIBUTES = (CodeSignOnCopy, RemoveHeadersOnCopy, ); }; };
		29FAABC12AB1F159006C6498 /* PostItemViewModel.swift in Sources */ = {isa = PBXBuildFile; fileRef = 29FAABC02AB1F159006C6498 /* PostItemViewModel.swift */; };
		29FAABC52AB209AE006C6498 /* UserServiceAdapter.swift in Sources */ = {isa = PBXBuildFile; fileRef = 29FAABC42AB209AE006C6498 /* UserServiceAdapter.swift */; };
/* End PBXBuildFile section */

/* Begin PBXCopyFilesBuildPhase section */
		29FAABBD2AB1E988006C6498 /* Embed Frameworks */ = {
			isa = PBXCopyFilesBuildPhase;
			buildActionMask = 2147483647;
			dstPath = "";
			dstSubfolderSpec = 10;
			files = (
				29FAABBC2AB1E988006C6498 /* UserPosts.framework in Embed Frameworks */,
			);
			name = "Embed Frameworks";
			runOnlyForDeploymentPostprocessing = 0;
		};
/* End PBXCopyFilesBuildPhase section */

/* Begin PBXFileReference section */
		290426902AAF3422002042E7 /* PostsApp.app */ = {isa = PBXFileReference; explicitFileType = wrapper.application; includeInIndex = 0; path = PostsApp.app; sourceTree = BUILT_PRODUCTS_DIR; };
		290426932AAF3422002042E7 /* AppDelegate.swift */ = {isa = PBXFileReference; lastKnownFileType = sourcecode.swift; path = AppDelegate.swift; sourceTree = "<group>"; };
		290426952AAF3422002042E7 /* SceneDelegate.swift */ = {isa = PBXFileReference; lastKnownFileType = sourcecode.swift; path = SceneDelegate.swift; sourceTree = "<group>"; };
		2904269A2AAF3422002042E7 /* Base */ = {isa = PBXFileReference; lastKnownFileType = file.storyboard; name = Base; path = Base.lproj/Main.storyboard; sourceTree = "<group>"; };
		2904269C2AAF3423002042E7 /* Assets.xcassets */ = {isa = PBXFileReference; lastKnownFileType = folder.assetcatalog; path = Assets.xcassets; sourceTree = "<group>"; };
		2904269F2AAF3423002042E7 /* Base */ = {isa = PBXFileReference; lastKnownFileType = file.storyboard; name = Base; path = Base.lproj/LaunchScreen.storyboard; sourceTree = "<group>"; };
		290426A12AAF3423002042E7 /* Info.plist */ = {isa = PBXFileReference; lastKnownFileType = text.plist.xml; path = Info.plist; sourceTree = "<group>"; };
		290426A82AAF3A63002042E7 /* LoginCoordinator.swift */ = {isa = PBXFileReference; lastKnownFileType = sourcecode.swift; path = LoginCoordinator.swift; sourceTree = "<group>"; };
		290426AC2AAF3A8F002042E7 /* LoginViewController.swift */ = {isa = PBXFileReference; lastKnownFileType = sourcecode.swift; path = LoginViewController.swift; sourceTree = "<group>"; };
		290426B22AAF5D58002042E7 /* Storyboard+App.swift */ = {isa = PBXFileReference; lastKnownFileType = sourcecode.swift; path = "Storyboard+App.swift"; sourceTree = "<group>"; };
		290426B42AAF607E002042E7 /* AppCoordinator.swift */ = {isa = PBXFileReference; lastKnownFileType = sourcecode.swift; path = AppCoordinator.swift; sourceTree = "<group>"; };
		293F1FBC2AB3363000736DB8 /* PostListViewModel.swift */ = {isa = PBXFileReference; fileEncoding = 4; lastKnownFileType = sourcecode.swift; path = PostListViewModel.swift; sourceTree = "<group>"; };
		293F1FBE2AB337F500736DB8 /* CoreDataStore.swift */ = {isa = PBXFileReference; lastKnownFileType = sourcecode.swift; path = CoreDataStore.swift; sourceTree = "<group>"; };
		293F1FC02AB3382F00736DB8 /* CoreDataHelpers.swift */ = {isa = PBXFileReference; lastKnownFileType = sourcecode.swift; path = CoreDataHelpers.swift; sourceTree = "<group>"; };
		293F1FC22AB3396B00736DB8 /* URLSessionHTTPClientAdapter.swift */ = {isa = PBXFileReference; lastKnownFileType = sourcecode.swift; path = URLSessionHTTPClientAdapter.swift; sourceTree = "<group>"; };
		293F1FCC2AB351EE00736DB8 /* UserPostsStore.xcdatamodel */ = {isa = PBXFileReference; lastKnownFileType = wrapper.xcdatamodel; path = UserPostsStore.xcdatamodel; sourceTree = "<group>"; };
		293F1FCE2AB3523300736DB8 /* CoreDataStoreAdapter.swift */ = {isa = PBXFileReference; lastKnownFileType = sourcecode.swift; path = CoreDataStoreAdapter.swift; sourceTree = "<group>"; };
		293F1FD02AB357C600736DB8 /* FavouritePostsViewModel.swift */ = {isa = PBXFileReference; lastKnownFileType = sourcecode.swift; path = FavouritePostsViewModel.swift; sourceTree = "<group>"; };
		29947AF72AB09CF300D70800 /* PostsListViewController.swift */ = {isa = PBXFileReference; lastKnownFileType = sourcecode.swift; path = PostsListViewController.swift; sourceTree = "<group>"; };
		29947AF92AB09D1700D70800 /* PostCell.swift */ = {isa = PBXFileReference; lastKnownFileType = sourcecode.swift; path = PostCell.swift; sourceTree = "<group>"; };
		29947AFD2AB09D5200D70800 /* FavouritePostsViewController.swift */ = {isa = PBXFileReference; lastKnownFileType = sourcecode.swift; path = FavouritePostsViewController.swift; sourceTree = "<group>"; };
		29947AFF2AB09D6900D70800 /* PostsCoordinator.swift */ = {isa = PBXFileReference; lastKnownFileType = sourcecode.swift; path = PostsCoordinator.swift; sourceTree = "<group>"; };
		29947B012AB09DFC00D70800 /* Posts.storyboard */ = {isa = PBXFileReference; lastKnownFileType = file.storyboard; path = Posts.storyboard; sourceTree = "<group>"; };
		29947B032AB0AFD700D70800 /* UITableViewCell+App.swift */ = {isa = PBXFileReference; lastKnownFileType = sourcecode.swift; path = "UITableViewCell+App.swift"; sourceTree = "<group>"; };
		29CC7E442AB1E249006E2E90 /* PostCell.xib */ = {isa = PBXFileReference; fileEncoding = 4; lastKnownFileType = file.xib; path = PostCell.xib; sourceTree = "<group>"; };
		29FAABB72AB1E96E006C6498 /* URLSessionHTTPClient.swift */ = {isa = PBXFileReference; lastKnownFileType = sourcecode.swift; path = URLSessionHTTPClient.swift; sourceTree = "<group>"; };
		29FAABBA2AB1E988006C6498 /* UserPosts.framework */ = {isa = PBXFileReference; explicitFileType = wrapper.framework; path = UserPosts.framework; sourceTree = BUILT_PRODUCTS_DIR; };
		29FAABC02AB1F159006C6498 /* PostItemViewModel.swift */ = {isa = PBXFileReference; lastKnownFileType = sourcecode.swift; path = PostItemViewModel.swift; sourceTree = "<group>"; };
		29FAABC42AB209AE006C6498 /* UserServiceAdapter.swift */ = {isa = PBXFileReference; lastKnownFileType = sourcecode.swift; path = UserServiceAdapter.swift; sourceTree = "<group>"; };
/* End PBXFileReference section */

/* Begin PBXFrameworksBuildPhase section */
		2904268D2AAF3422002042E7 /* Frameworks */ = {
			isa = PBXFrameworksBuildPhase;
			buildActionMask = 2147483647;
			files = (
				29FAABBB2AB1E988006C6498 /* UserPosts.framework in Frameworks */,
			);
			runOnlyForDeploymentPostprocessing = 0;
		};
/* End PBXFrameworksBuildPhase section */

/* Begin PBXGroup section */
		290426872AAF3422002042E7 = {
			isa = PBXGroup;
			children = (
				290426922AAF3422002042E7 /* PostsApp */,
				290426912AAF3422002042E7 /* Products */,
				29FAABB92AB1E988006C6498 /* Frameworks */,
			);
			sourceTree = "<group>";
		};
		290426912AAF3422002042E7 /* Products */ = {
			isa = PBXGroup;
			children = (
				290426902AAF3422002042E7 /* PostsApp.app */,
			);
			name = Products;
			sourceTree = "<group>";
		};
		290426922AAF3422002042E7 /* PostsApp */ = {
			isa = PBXGroup;
			children = (
				290426AE2AAF556C002042E7 /* Application */,
				29FAABC32AB2099C006C6498 /* Adapters */,
				290426B12AAF5D40002042E7 /* Utilities */,
				290426A72AAF3555002042E7 /* Login */,
				29947AF62AB095EB00D70800 /* Posts */,
				29FAABB62AB1E957006C6498 /* Infrastructure */,
				290426992AAF3422002042E7 /* Main.storyboard */,
				2904269C2AAF3423002042E7 /* Assets.xcassets */,
				2904269E2AAF3423002042E7 /* LaunchScreen.storyboard */,
				290426A12AAF3423002042E7 /* Info.plist */,
			);
			path = PostsApp;
			sourceTree = "<group>";
		};
		290426A72AAF3555002042E7 /* Login */ = {
			isa = PBXGroup;
			children = (
				290426A82AAF3A63002042E7 /* LoginCoordinator.swift */,
				290426AC2AAF3A8F002042E7 /* LoginViewController.swift */,
			);
			path = Login;
			sourceTree = "<group>";
		};
		290426AE2AAF556C002042E7 /* Application */ = {
			isa = PBXGroup;
			children = (
				290426932AAF3422002042E7 /* AppDelegate.swift */,
				290426952AAF3422002042E7 /* SceneDelegate.swift */,
				290426B42AAF607E002042E7 /* AppCoordinator.swift */,
			);
			path = Application;
			sourceTree = "<group>";
		};
		290426B12AAF5D40002042E7 /* Utilities */ = {
			isa = PBXGroup;
			children = (
				290426B22AAF5D58002042E7 /* Storyboard+App.swift */,
				29947B032AB0AFD700D70800 /* UITableViewCell+App.swift */,
				293F1FC02AB3382F00736DB8 /* CoreDataHelpers.swift */,
			);
			path = Utilities;
			sourceTree = "<group>";
		};
		29947AF62AB095EB00D70800 /* Posts */ = {
			isa = PBXGroup;
			children = (
				29947B012AB09DFC00D70800 /* Posts.storyboard */,
				29CC7E442AB1E249006E2E90 /* PostCell.xib */,
				29947AFF2AB09D6900D70800 /* PostsCoordinator.swift */,
				29947AF92AB09D1700D70800 /* PostCell.swift */,
				29947AFB2AB09D2600D70800 /* All Posts */,
				29947AFC2AB09D3500D70800 /* Favourite Posts */,
			);
			path = Posts;
			sourceTree = "<group>";
		};
		29947AFB2AB09D2600D70800 /* All Posts */ = {
			isa = PBXGroup;
			children = (
				293F1FBC2AB3363000736DB8 /* PostListViewModel.swift */,
				29947AF72AB09CF300D70800 /* PostsListViewController.swift */,
				29FAABC02AB1F159006C6498 /* PostItemViewModel.swift */,
			);
			path = "All Posts";
			sourceTree = "<group>";
		};
		29947AFC2AB09D3500D70800 /* Favourite Posts */ = {
			isa = PBXGroup;
			children = (
				29947AFD2AB09D5200D70800 /* FavouritePostsViewController.swift */,
				293F1FD02AB357C600736DB8 /* FavouritePostsViewModel.swift */,
			);
			path = "Favourite Posts";
			sourceTree = "<group>";
		};
		29FAABB62AB1E957006C6498 /* Infrastructure */ = {
			isa = PBXGroup;
			children = (
				29FAABB72AB1E96E006C6498 /* URLSessionHTTPClient.swift */,
				293F1FBE2AB337F500736DB8 /* CoreDataStore.swift */,
				293F1FCB2AB351EE00736DB8 /* UserPostsStore.xcdatamodeld */,
			);
			path = Infrastructure;
			sourceTree = "<group>";
		};
		29FAABB92AB1E988006C6498 /* Frameworks */ = {
			isa = PBXGroup;
			children = (
				29FAABBA2AB1E988006C6498 /* UserPosts.framework */,
			);
			name = Frameworks;
			sourceTree = "<group>";
		};
		29FAABC32AB2099C006C6498 /* Adapters */ = {
			isa = PBXGroup;
			children = (
				29FAABC42AB209AE006C6498 /* UserServiceAdapter.swift */,
				293F1FC22AB3396B00736DB8 /* URLSessionHTTPClientAdapter.swift */,
				293F1FCE2AB3523300736DB8 /* CoreDataStoreAdapter.swift */,
			);
			path = Adapters;
			sourceTree = "<group>";
		};
/* End PBXGroup section */

/* Begin PBXNativeTarget section */
		2904268F2AAF3422002042E7 /* PostsApp */ = {
			isa = PBXNativeTarget;
			buildConfigurationList = 290426A42AAF3423002042E7 /* Build configuration list for PBXNativeTarget "PostsApp" */;
			buildPhases = (
				2904268C2AAF3422002042E7 /* Sources */,
				2904268D2AAF3422002042E7 /* Frameworks */,
				2904268E2AAF3422002042E7 /* Resources */,
				29FAABBD2AB1E988006C6498 /* Embed Frameworks */,
			);
			buildRules = (
			);
			dependencies = (
			);
			name = PostsApp;
			productName = PostsApp;
			productReference = 290426902AAF3422002042E7 /* PostsApp.app */;
			productType = "com.apple.product-type.application";
		};
/* End PBXNativeTarget section */

/* Begin PBXProject section */
		290426882AAF3422002042E7 /* Project object */ = {
			isa = PBXProject;
			attributes = {
				BuildIndependentTargetsInParallel = 1;
				LastSwiftUpdateCheck = 1430;
				LastUpgradeCheck = 1430;
				TargetAttributes = {
					2904268F2AAF3422002042E7 = {
						CreatedOnToolsVersion = 14.3.1;
					};
				};
			};
			buildConfigurationList = 2904268B2AAF3422002042E7 /* Build configuration list for PBXProject "PostsApp" */;
			compatibilityVersion = "Xcode 14.0";
			developmentRegion = en;
			hasScannedForEncodings = 0;
			knownRegions = (
				en,
				Base,
			);
			mainGroup = 290426872AAF3422002042E7;
			productRefGroup = 290426912AAF3422002042E7 /* Products */;
			projectDirPath = "";
			projectRoot = "";
			targets = (
				2904268F2AAF3422002042E7 /* PostsApp */,
			);
		};
/* End PBXProject section */

/* Begin PBXResourcesBuildPhase section */
		2904268E2AAF3422002042E7 /* Resources */ = {
			isa = PBXResourcesBuildPhase;
			buildActionMask = 2147483647;
			files = (
				29947B022AB09DFC00D70800 /* Posts.storyboard in Resources */,
				290426A02AAF3423002042E7 /* LaunchScreen.storyboard in Resources */,
				29CC7E452AB1E249006E2E90 /* PostCell.xib in Resources */,
				2904269D2AAF3423002042E7 /* Assets.xcassets in Resources */,
				2904269B2AAF3422002042E7 /* Main.storyboard in Resources */,
			);
			runOnlyForDeploymentPostprocessing = 0;
		};
/* End PBXResourcesBuildPhase section */

/* Begin PBXSourcesBuildPhase section */
		2904268C2AAF3422002042E7 /* Sources */ = {
			isa = PBXSourcesBuildPhase;
			buildActionMask = 2147483647;
			files = (
				293F1FBD2AB3363000736DB8 /* PostListViewModel.swift in Sources */,
				29FAABC12AB1F159006C6498 /* PostItemViewModel.swift in Sources */,
				290426B52AAF607E002042E7 /* AppCoordinator.swift in Sources */,
				293F1FC32AB3396B00736DB8 /* URLSessionHTTPClientAdapter.swift in Sources */,
				290426AD2AAF3A8F002042E7 /* LoginViewController.swift in Sources */,
				293F1FCD2AB351EE00736DB8 /* UserPostsStore.xcdatamodeld in Sources */,
				290426A92AAF3A63002042E7 /* LoginCoordinator.swift in Sources */,
				290426942AAF3422002042E7 /* AppDelegate.swift in Sources */,
				29947AF82AB09CF300D70800 /* PostsListViewController.swift in Sources */,
				293F1FC12AB3382F00736DB8 /* CoreDataHelpers.swift in Sources */,
				290426962AAF3422002042E7 /* SceneDelegate.swift in Sources */,
				29FAABC52AB209AE006C6498 /* UserServiceAdapter.swift in Sources */,
				293F1FD12AB357C600736DB8 /* FavouritePostsViewModel.swift in Sources */,
				293F1FCF2AB3523300736DB8 /* CoreDataStoreAdapter.swift in Sources */,
				29947B002AB09D6900D70800 /* PostsCoordinator.swift in Sources */,
				290426B32AAF5D58002042E7 /* Storyboard+App.swift in Sources */,
				29947AFA2AB09D1700D70800 /* PostCell.swift in Sources */,
				29947B042AB0AFD700D70800 /* UITableViewCell+App.swift in Sources */,
				29947AFE2AB09D5200D70800 /* FavouritePostsViewController.swift in Sources */,
				293F1FBF2AB337F500736DB8 /* CoreDataStore.swift in Sources */,
				29FAABB82AB1E96E006C6498 /* URLSessionHTTPClient.swift in Sources */,
			);
			runOnlyForDeploymentPostprocessing = 0;
		};
/* End PBXSourcesBuildPhase section */

/* Begin PBXVariantGroup section */
		290426992AAF3422002042E7 /* Main.storyboard */ = {
			isa = PBXVariantGroup;
			children = (
				2904269A2AAF3422002042E7 /* Base */,
			);
			name = Main.storyboard;
			sourceTree = "<group>";
		};
		2904269E2AAF3423002042E7 /* LaunchScreen.storyboard */ = {
			isa = PBXVariantGroup;
			children = (
				2904269F2AAF3423002042E7 /* Base */,
			);
			name = LaunchScreen.storyboard;
			sourceTree = "<group>";
		};
/* End PBXVariantGroup section */

/* Begin XCBuildConfiguration section */
		290426A22AAF3423002042E7 /* Debug */ = {
			isa = XCBuildConfiguration;
			buildSettings = {
				ALWAYS_SEARCH_USER_PATHS = NO;
				CLANG_ANALYZER_NONNULL = YES;
				CLANG_ANALYZER_NUMBER_OBJECT_CONVERSION = YES_AGGRESSIVE;
				CLANG_CXX_LANGUAGE_STANDARD = "gnu++20";
				CLANG_ENABLE_MODULES = YES;
				CLANG_ENABLE_OBJC_ARC = YES;
				CLANG_ENABLE_OBJC_WEAK = YES;
				CLANG_WARN_BLOCK_CAPTURE_AUTORELEASING = YES;
				CLANG_WARN_BOOL_CONVERSION = YES;
				CLANG_WARN_COMMA = YES;
				CLANG_WARN_CONSTANT_CONVERSION = YES;
				CLANG_WARN_DEPRECATED_OBJC_IMPLEMENTATIONS = YES;
				CLANG_WARN_DIRECT_OBJC_ISA_USAGE = YES_ERROR;
				CLANG_WARN_DOCUMENTATION_COMMENTS = YES;
				CLANG_WARN_EMPTY_BODY = YES;
				CLANG_WARN_ENUM_CONVERSION = YES;
				CLANG_WARN_INFINITE_RECURSION = YES;
				CLANG_WARN_INT_CONVERSION = YES;
				CLANG_WARN_NON_LITERAL_NULL_CONVERSION = YES;
				CLANG_WARN_OBJC_IMPLICIT_RETAIN_SELF = YES;
				CLANG_WARN_OBJC_LITERAL_CONVERSION = YES;
				CLANG_WARN_OBJC_ROOT_CLASS = YES_ERROR;
				CLANG_WARN_QUOTED_INCLUDE_IN_FRAMEWORK_HEADER = YES;
				CLANG_WARN_RANGE_LOOP_ANALYSIS = YES;
				CLANG_WARN_STRICT_PROTOTYPES = YES;
				CLANG_WARN_SUSPICIOUS_MOVE = YES;
				CLANG_WARN_UNGUARDED_AVAILABILITY = YES_AGGRESSIVE;
				CLANG_WARN_UNREACHABLE_CODE = YES;
				CLANG_WARN__DUPLICATE_METHOD_MATCH = YES;
				COPY_PHASE_STRIP = NO;
				DEBUG_INFORMATION_FORMAT = dwarf;
				ENABLE_STRICT_OBJC_MSGSEND = YES;
				ENABLE_TESTABILITY = YES;
				GCC_C_LANGUAGE_STANDARD = gnu11;
				GCC_DYNAMIC_NO_PIC = NO;
				GCC_NO_COMMON_BLOCKS = YES;
				GCC_OPTIMIZATION_LEVEL = 0;
				GCC_PREPROCESSOR_DEFINITIONS = (
					"DEBUG=1",
					"$(inherited)",
				);
				GCC_WARN_64_TO_32_BIT_CONVERSION = YES;
				GCC_WARN_ABOUT_RETURN_TYPE = YES_ERROR;
				GCC_WARN_UNDECLARED_SELECTOR = YES;
				GCC_WARN_UNINITIALIZED_AUTOS = YES_AGGRESSIVE;
				GCC_WARN_UNUSED_FUNCTION = YES;
				GCC_WARN_UNUSED_VARIABLE = YES;
				IPHONEOS_DEPLOYMENT_TARGET = 16.4;
				MTL_ENABLE_DEBUG_INFO = INCLUDE_SOURCE;
				MTL_FAST_MATH = YES;
				ONLY_ACTIVE_ARCH = YES;
				SDKROOT = iphoneos;
				SWIFT_ACTIVE_COMPILATION_CONDITIONS = DEBUG;
				SWIFT_OPTIMIZATION_LEVEL = "-Onone";
			};
			name = Debug;
		};
		290426A32AAF3423002042E7 /* Release */ = {
			isa = XCBuildConfiguration;
			buildSettings = {
				ALWAYS_SEARCH_USER_PATHS = NO;
				CLANG_ANALYZER_NONNULL = YES;
				CLANG_ANALYZER_NUMBER_OBJECT_CONVERSION = YES_AGGRESSIVE;
				CLANG_CXX_LANGUAGE_STANDARD = "gnu++20";
				CLANG_ENABLE_MODULES = YES;
				CLANG_ENABLE_OBJC_ARC = YES;
				CLANG_ENABLE_OBJC_WEAK = YES;
				CLANG_WARN_BLOCK_CAPTURE_AUTORELEASING = YES;
				CLANG_WARN_BOOL_CONVERSION = YES;
				CLANG_WARN_COMMA = YES;
				CLANG_WARN_CONSTANT_CONVERSION = YES;
				CLANG_WARN_DEPRECATED_OBJC_IMPLEMENTATIONS = YES;
				CLANG_WARN_DIRECT_OBJC_ISA_USAGE = YES_ERROR;
				CLANG_WARN_DOCUMENTATION_COMMENTS = YES;
				CLANG_WARN_EMPTY_BODY = YES;
				CLANG_WARN_ENUM_CONVERSION = YES;
				CLANG_WARN_INFINITE_RECURSION = YES;
				CLANG_WARN_INT_CONVERSION = YES;
				CLANG_WARN_NON_LITERAL_NULL_CONVERSION = YES;
				CLANG_WARN_OBJC_IMPLICIT_RETAIN_SELF = YES;
				CLANG_WARN_OBJC_LITERAL_CONVERSION = YES;
				CLANG_WARN_OBJC_ROOT_CLASS = YES_ERROR;
				CLANG_WARN_QUOTED_INCLUDE_IN_FRAMEWORK_HEADER = YES;
				CLANG_WARN_RANGE_LOOP_ANALYSIS = YES;
				CLANG_WARN_STRICT_PROTOTYPES = YES;
				CLANG_WARN_SUSPICIOUS_MOVE = YES;
				CLANG_WARN_UNGUARDED_AVAILABILITY = YES_AGGRESSIVE;
				CLANG_WARN_UNREACHABLE_CODE = YES;
				CLANG_WARN__DUPLICATE_METHOD_MATCH = YES;
				COPY_PHASE_STRIP = NO;
				DEBUG_INFORMATION_FORMAT = "dwarf-with-dsym";
				ENABLE_NS_ASSERTIONS = NO;
				ENABLE_STRICT_OBJC_MSGSEND = YES;
				GCC_C_LANGUAGE_STANDARD = gnu11;
				GCC_NO_COMMON_BLOCKS = YES;
				GCC_WARN_64_TO_32_BIT_CONVERSION = YES;
				GCC_WARN_ABOUT_RETURN_TYPE = YES_ERROR;
				GCC_WARN_UNDECLARED_SELECTOR = YES;
				GCC_WARN_UNINITIALIZED_AUTOS = YES_AGGRESSIVE;
				GCC_WARN_UNUSED_FUNCTION = YES;
				GCC_WARN_UNUSED_VARIABLE = YES;
				IPHONEOS_DEPLOYMENT_TARGET = 16.4;
				MTL_ENABLE_DEBUG_INFO = NO;
				MTL_FAST_MATH = YES;
				SDKROOT = iphoneos;
				SWIFT_COMPILATION_MODE = wholemodule;
				SWIFT_OPTIMIZATION_LEVEL = "-O";
				VALIDATE_PRODUCT = YES;
			};
			name = Release;
		};
		290426A52AAF3423002042E7 /* Debug */ = {
			isa = XCBuildConfiguration;
			buildSettings = {
				ASSETCATALOG_COMPILER_APPICON_NAME = AppIcon;
				ASSETCATALOG_COMPILER_GLOBAL_ACCENT_COLOR_NAME = AccentColor;
				CODE_SIGN_STYLE = Automatic;
				CURRENT_PROJECT_VERSION = 1;
				GENERATE_INFOPLIST_FILE = YES;
				INFOPLIST_FILE = PostsApp/Info.plist;
				INFOPLIST_KEY_UIApplicationSupportsIndirectInputEvents = YES;
				INFOPLIST_KEY_UILaunchStoryboardName = LaunchScreen;
				INFOPLIST_KEY_UIMainStoryboardFile = Main;
				INFOPLIST_KEY_UISupportedInterfaceOrientations_iPad = "UIInterfaceOrientationPortrait UIInterfaceOrientationPortraitUpsideDown UIInterfaceOrientationLandscapeLeft UIInterfaceOrientationLandscapeRight";
				INFOPLIST_KEY_UISupportedInterfaceOrientations_iPhone = "UIInterfaceOrientationPortrait UIInterfaceOrientationLandscapeLeft UIInterfaceOrientationLandscapeRight";
				LD_RUNPATH_SEARCH_PATHS = (
					"$(inherited)",
					"@executable_path/Frameworks",
				);
				MARKETING_VERSION = 1.0;
				PRODUCT_BUNDLE_IDENTIFIER = com.preetham.PostsApp;
				PRODUCT_NAME = "$(TARGET_NAME)";
				SWIFT_EMIT_LOC_STRINGS = YES;
				SWIFT_VERSION = 5.0;
				TARGETED_DEVICE_FAMILY = "1,2";
			};
			name = Debug;
		};
		290426A62AAF3423002042E7 /* Release */ = {
			isa = XCBuildConfiguration;
			buildSettings = {
				ASSETCATALOG_COMPILER_APPICON_NAME = AppIcon;
				ASSETCATALOG_COMPILER_GLOBAL_ACCENT_COLOR_NAME = AccentColor;
				CODE_SIGN_STYLE = Automatic;
				CURRENT_PROJECT_VERSION = 1;
				GENERATE_INFOPLIST_FILE = YES;
				INFOPLIST_FILE = PostsApp/Info.plist;
				INFOPLIST_KEY_UIApplicationSupportsIndirectInputEvents = YES;
				INFOPLIST_KEY_UILaunchStoryboardName = LaunchScreen;
				INFOPLIST_KEY_UIMainStoryboardFile = Main;
				INFOPLIST_KEY_UISupportedInterfaceOrientations_iPad = "UIInterfaceOrientationPortrait UIInterfaceOrientationPortraitUpsideDown UIInterfaceOrientationLandscapeLeft UIInterfaceOrientationLandscapeRight";
				INFOPLIST_KEY_UISupportedInterfaceOrientations_iPhone = "UIInterfaceOrientationPortrait UIInterfaceOrientationLandscapeLeft UIInterfaceOrientationLandscapeRight";
				LD_RUNPATH_SEARCH_PATHS = (
					"$(inherited)",
					"@executable_path/Frameworks",
				);
				MARKETING_VERSION = 1.0;
				PRODUCT_BUNDLE_IDENTIFIER = com.preetham.PostsApp;
				PRODUCT_NAME = "$(TARGET_NAME)";
				SWIFT_EMIT_LOC_STRINGS = YES;
				SWIFT_VERSION = 5.0;
				TARGETED_DEVICE_FAMILY = "1,2";
			};
			name = Release;
		};
/* End XCBuildConfiguration section */

/* Begin XCConfigurationList section */
		2904268B2AAF3422002042E7 /* Build configuration list for PBXProject "PostsApp" */ = {
			isa = XCConfigurationList;
			buildConfigurations = (
				290426A22AAF3423002042E7 /* Debug */,
				290426A32AAF3423002042E7 /* Release */,
			);
			defaultConfigurationIsVisible = 0;
			defaultConfigurationName = Release;
		};
		290426A42AAF3423002042E7 /* Build configuration list for PBXNativeTarget "PostsApp" */ = {
			isa = XCConfigurationList;
			buildConfigurations = (
				290426A52AAF3423002042E7 /* Debug */,
				290426A62AAF3423002042E7 /* Release */,
			);
			defaultConfigurationIsVisible = 0;
			defaultConfigurationName = Release;
		};
/* End XCConfigurationList section */

/* Begin XCVersionGroup section */
		293F1FCB2AB351EE00736DB8 /* UserPostsStore.xcdatamodeld */ = {
			isa = XCVersionGroup;
			children = (
				293F1FCC2AB351EE00736DB8 /* UserPostsStore.xcdatamodel */,
			);
			currentVersion = 293F1FCC2AB351EE00736DB8 /* UserPostsStore.xcdatamodel */;
			path = UserPostsStore.xcdatamodeld;
			sourceTree = "<group>";
			versionGroupType = wrapper.xcdatamodel;
		};
/* End XCVersionGroup section */
	};
	rootObject = 290426882AAF3422002042E7 /* Project object */;
}
